
Microsoft Visual Studio Solution File, Format Version 12.00
# Visual Studio Version 17
VisualStudioVersion = 17.1.32228.430
MinimumVisualStudioVersion = 10.0.40219.1
Project("{FAE04EC0-301F-11D3-BF4B-00C04F79EFBC}") = "ShoppingCart", "ShoppingCart\ShoppingCart.csproj", "{7888EB14-6C01-40BD-8C32-D6CC5388E4B2}"
EndProject
Global
	GlobalSection(SolutionConfigurationPlatforms) = preSolution
		Debug|Any CPU = Debug|Any CPU
		Release|Any CPU = Release|Any CPU
	EndGlobalSection
	GlobalSection(ProjectConfigurationPlatforms) = postSolution
		{7888EB14-6C01-40BD-8C32-D6CC5388E4B2}.Debug|Any CPU.ActiveCfg = Debug|Any CPU
		{7888EB14-6C01-40BD-8C32-D6CC5388E4B2}.Debug|Any CPU.Build.0 = Debug|Any CPU
		{7888EB14-6C01-40BD-8C32-D6CC5388E4B2}.Release|Any CPU.ActiveCfg = Release|Any CPU
		{7888EB14-6C01-40BD-8C32-D6CC5388E4B2}.Release|Any CPU.Build.0 = Release|Any CPU
	EndGlobalSection
	GlobalSection(SolutionProperties) = preSolution
		HideSolutionNode = FALSE
	EndGlobalSection
	GlobalSection(ExtensibilityGlobals) = postSolution
		SolutionGuid = {34501EB7-A896-4A67-888C-FF99E65313A8}
	EndGlobalSection
EndGlobal
